
Microsoft Visual Studio Solution File, Format Version 12.00
# Visual Studio Version 17
VisualStudioVersion = 17.6.33829.357
MinimumVisualStudioVersion = 10.0.40219.1
Project("{FAE04EC0-301F-11D3-BF4B-00C04F79EFBC}") = "thanh tuan", "thanh tuan\thanh tuan.csproj", "{07FDE32E-56C2-4B23-ADC4-E06014673AF2}"
EndProject
Global
	GlobalSection(SolutionConfigurationPlatforms) = preSolution
		Debug|Any CPU = Debug|Any CPU
		Release|Any CPU = Release|Any CPU
	EndGlobalSection
	GlobalSection(ProjectConfigurationPlatforms) = postSolution
		{07FDE32E-56C2-4B23-ADC4-E06014673AF2}.Debug|Any CPU.ActiveCfg = Debug|Any CPU
		{07FDE32E-56C2-4B23-ADC4-E06014673AF2}.Debug|Any CPU.Build.0 = Debug|Any CPU
		{07FDE32E-56C2-4B23-ADC4-E06014673AF2}.Release|Any CPU.ActiveCfg = Release|Any CPU
		{07FDE32E-56C2-4B23-ADC4-E06014673AF2}.Release|Any CPU.Build.0 = Release|Any CPU
	EndGlobalSection
	GlobalSection(SolutionProperties) = preSolution
		HideSolutionNode = FALSE
	EndGlobalSection
	GlobalSection(ExtensibilityGlobals) = postSolution
		SolutionGuid = {C0A8200B-3827-46BD-BC88-B339F6AC40C4}
	EndGlobalSection
EndGlobal
