
Microsoft Visual Studio Solution File, Format Version 12.00
# Visual Studio Version 17
VisualStudioVersion = 17.6.33829.357
MinimumVisualStudioVersion = 10.0.40219.1
Project("{FAE04EC0-301F-11D3-BF4B-00C04F79EFBC}") = "NguyenThanhTuan_buoi9_4", "NguyenThanhTuan_buoi9_4.csproj", "{5CF5C8A2-8292-4C8C-9E74-DFE9EE216BBF}"
EndProject
Global
	GlobalSection(SolutionConfigurationPlatforms) = preSolution
		Debug|Any CPU = Debug|Any CPU
		Release|Any CPU = Release|Any CPU
	EndGlobalSection
	GlobalSection(ProjectConfigurationPlatforms) = postSolution
		{5CF5C8A2-8292-4C8C-9E74-DFE9EE216BBF}.Debug|Any CPU.ActiveCfg = Debug|Any CPU
		{5CF5C8A2-8292-4C8C-9E74-DFE9EE216BBF}.Debug|Any CPU.Build.0 = Debug|Any CPU
		{5CF5C8A2-8292-4C8C-9E74-DFE9EE216BBF}.Release|Any CPU.ActiveCfg = Release|Any CPU
		{5CF5C8A2-8292-4C8C-9E74-DFE9EE216BBF}.Release|Any CPU.Build.0 = Release|Any CPU
	EndGlobalSection
	GlobalSection(SolutionProperties) = preSolution
		HideSolutionNode = FALSE
	EndGlobalSection
	GlobalSection(ExtensibilityGlobals) = postSolution
		SolutionGuid = {0B50D9CD-715B-4940-81E3-BD6F080DCDD5}
	EndGlobalSection
EndGlobal
